
Microsoft Visual Studio Solution File, Format Version 12.00
# Visual Studio 14
VisualStudioVersion = 14.0.23107.0
MinimumVisualStudioVersion = 10.0.40219.1
Project("{FAE04EC0-301F-11D3-BF4B-00C04F79EFBC}") = "Latihan_1_1", "Latihan_1_1\Latihan_1_1.csproj", "{FE1A1BEF-1922-46D4-B321-3DB7321FB270}"
EndProject
Project("{FAE04EC0-301F-11D3-BF4B-00C04F79EFBC}") = "Latihan_2_1", "Latihan_2_1\Latihan_2_1.csproj", "{72544F0F-6A2C-41CD-BEA2-5178A79E5BB4}"
EndProject
Project("{FAE04EC0-301F-11D3-BF4B-00C04F79EFBC}") = "Latihan_3_1", "Latihan_3_1\Latihan_3_1.csproj", "{585689AA-522E-453E-914D-C7CEA95BF20A}"
EndProject
Project("{FAE04EC0-301F-11D3-BF4B-00C04F79EFBC}") = "Latihan_4_1", "Latihan_4_1\Latihan_4_1.csproj", "{82A4DA76-360B-455F-8B2B-ED5CD743FB0B}"
EndProject
Project("{FAE04EC0-301F-11D3-BF4B-00C04F79EFBC}") = "Latihan_5_1", "Latihan_5_1\Latihan_5_1.csproj", "{E6BDBFDC-76CF-4549-BB93-4A84751B74B1}"
EndProject
Global
	GlobalSection(SolutionConfigurationPlatforms) = preSolution
		Debug|Any CPU = Debug|Any CPU
		Release|Any CPU = Release|Any CPU
	EndGlobalSection
	GlobalSection(ProjectConfigurationPlatforms) = postSolution
		{FE1A1BEF-1922-46D4-B321-3DB7321FB270}.Debug|Any CPU.ActiveCfg = Debug|Any CPU
		{FE1A1BEF-1922-46D4-B321-3DB7321FB270}.Debug|Any CPU.Build.0 = Debug|Any CPU
		{FE1A1BEF-1922-46D4-B321-3DB7321FB270}.Release|Any CPU.ActiveCfg = Release|Any CPU
		{FE1A1BEF-1922-46D4-B321-3DB7321FB270}.Release|Any CPU.Build.0 = Release|Any CPU
		{72544F0F-6A2C-41CD-BEA2-5178A79E5BB4}.Debug|Any CPU.ActiveCfg = Debug|Any CPU
		{72544F0F-6A2C-41CD-BEA2-5178A79E5BB4}.Debug|Any CPU.Build.0 = Debug|Any CPU
		{72544F0F-6A2C-41CD-BEA2-5178A79E5BB4}.Release|Any CPU.ActiveCfg = Release|Any CPU
		{72544F0F-6A2C-41CD-BEA2-5178A79E5BB4}.Release|Any CPU.Build.0 = Release|Any CPU
		{585689AA-522E-453E-914D-C7CEA95BF20A}.Debug|Any CPU.ActiveCfg = Debug|Any CPU
		{585689AA-522E-453E-914D-C7CEA95BF20A}.Debug|Any CPU.Build.0 = Debug|Any CPU
		{585689AA-522E-453E-914D-C7CEA95BF20A}.Release|Any CPU.ActiveCfg = Release|Any CPU
		{585689AA-522E-453E-914D-C7CEA95BF20A}.Release|Any CPU.Build.0 = Release|Any CPU
		{82A4DA76-360B-455F-8B2B-ED5CD743FB0B}.Debug|Any CPU.ActiveCfg = Debug|Any CPU
		{82A4DA76-360B-455F-8B2B-ED5CD743FB0B}.Debug|Any CPU.Build.0 = Debug|Any CPU
		{82A4DA76-360B-455F-8B2B-ED5CD743FB0B}.Release|Any CPU.ActiveCfg = Release|Any CPU
		{82A4DA76-360B-455F-8B2B-ED5CD743FB0B}.Release|Any CPU.Build.0 = Release|Any CPU
		{E6BDBFDC-76CF-4549-BB93-4A84751B74B1}.Debug|Any CPU.ActiveCfg = Debug|Any CPU
		{E6BDBFDC-76CF-4549-BB93-4A84751B74B1}.Debug|Any CPU.Build.0 = Debug|Any CPU
		{E6BDBFDC-76CF-4549-BB93-4A84751B74B1}.Release|Any CPU.ActiveCfg = Release|Any CPU
		{E6BDBFDC-76CF-4549-BB93-4A84751B74B1}.Release|Any CPU.Build.0 = Release|Any CPU
	EndGlobalSection
	GlobalSection(SolutionProperties) = preSolution
		HideSolutionNode = FALSE
	EndGlobalSection
EndGlobal
